{
  "object": {
    "pins": [
      {
        "package": "libdav1d",
        "repositoryURL": "file:///Users/murakami/libdav1d",
        "state": {
          "branch": null,
          "revision": "a0022dffc16306091f7a7010e862c8fb99a17494",
          "version": "0.0.4"
        }
      }
    ]
  },
  "version": 1
}
